// !$*UTF8*$!
{
	archiveVersion = 1;
	classes = {
	};
	objectVersion = 51;
	objects = {

/* Begin PBXBuildFile section */
		022931DC27BCAFEFFDAA8324 /* ChalkWatch.app in Embed Watch Content */ = {isa = PBXBuildFile; fileRef = C74F5CE05460B30B34DAFCCE /* ChalkWatch.app */; settings = {ATTRIBUTES = (CodeSignOnCopy, RemoveHeadersOnCopy, ); }; };
		03AC0030E12E62866251762B /* HistoryView.swift in Sources */ = {isa = PBXBuildFile; fileRef = 3F7699C284F9D58C082638E2 /* HistoryView.swift */; };
		0ECAD737BD11820127F1EF47 /* AppState.swift in Sources */ = {isa = PBXBuildFile; fileRef = 25650C2677D84948E833BB97 /* AppState.swift */; };
		25CB557B1A68044FE201EC31 /* ProfileView.swift in Sources */ = {isa = PBXBuildFile; fileRef = C08DE07972FE885C4C9F560F /* ProfileView.swift */; };
		264EB195993937894AE49E50 /* ChalkWidgetExtension.swift in Sources */ = {isa = PBXBuildFile; fileRef = 890CFC29F19A7AA049E3A376 /* ChalkWidgetExtension.swift */; };
		272CC2B8398F95466EB6A27D /* ChalkWatchApp.swift in Sources */ = {isa = PBXBuildFile; fileRef = FBCE763B5883ED2D4D40B386 /* ChalkWatchApp.swift */; };
		3278B5BB384191F27BC87BEE /* WorkoutCategory.swift in Sources */ = {isa = PBXBuildFile; fileRef = 1A638B411D672AD02302874C /* WorkoutCategory.swift */; };
		3816EF9A4B573E3CCFC19E2C /* SharedConstants.swift in Sources */ = {isa = PBXBuildFile; fileRef = BAE2DC932FE7D4FEAE51FEEE /* SharedConstants.swift */; };
		39E8F6EA15A0388675697DDC /* Assets.xcassets in Resources */ = {isa = PBXBuildFile; fileRef = F4653102AB269C5F14198ED2 /* Assets.xcassets */; };
		493A85FC55643523AFA99A28 /* HomeView.swift in Sources */ = {isa = PBXBuildFile; fileRef = CFCA6A536DAA2D56D041F113 /* HomeView.swift */; };
		58F3912B04F2D4C8E6228923 /* ChalkWidgetExtension.appex in Embed App Extensions */ = {isa = PBXBuildFile; fileRef = 293B1345ABB0DB867CAF6836 /* ChalkWidgetExtension.appex */; settings = {ATTRIBUTES = (RemoveHeadersOnCopy, ); }; };
		6B5DCC02344F72085492315F /* ChalkApp.swift in Sources */ = {isa = PBXBuildFile; fileRef = 2A9B4826674EA70468935362 /* ChalkApp.swift */; };
		815574C0DC5556766D3BBB6E /* Assets.xcassets in Resources */ = {isa = PBXBuildFile; fileRef = 871B0D601CAFFDC4967012FB /* Assets.xcassets */; };
		88F48B97C79B69625A5CC2BA /* StatsView.swift in Sources */ = {isa = PBXBuildFile; fileRef = 8A2F0EE1093E98C8172DC4F3 /* StatsView.swift */; };
		9EC7453CD7C81F5D6D5E0A79 /* RootView.swift in Sources */ = {isa = PBXBuildFile; fileRef = CD8996BAC4BE1B0933799F2A /* RootView.swift */; };
		AF9746C18CBB9F6E03ECCD98 /* WeeklyGoal.swift in Sources */ = {isa = PBXBuildFile; fileRef = 08EC4AB09416D122BD6B0271 /* WeeklyGoal.swift */; };
		D734CB39598AC5A1DE4E1770 /* GoalCardView.swift in Sources */ = {isa = PBXBuildFile; fileRef = 4B303376FFB68E0436611978 /* GoalCardView.swift */; };
		DB2FF06516BF92CDDA2A4C57 /* HealthKitManager.swift in Sources */ = {isa = PBXBuildFile; fileRef = 4ED7B4A4B527C59DC38663E0 /* HealthKitManager.swift */; };
		EAD788E2DD1AF9687D049C91 /* SharedConstants.swift in Sources */ = {isa = PBXBuildFile; fileRef = BAE2DC932FE7D4FEAE51FEEE /* SharedConstants.swift */; };
		FBFE5B944653D39086CDC267 /* WorkoutEntry.swift in Sources */ = {isa = PBXBuildFile; fileRef = 0786F0FFD288F9248DC27B7E /* WorkoutEntry.swift */; };
/* End PBXBuildFile section */

/* Begin PBXContainerItemProxy section */
		4722106CD2DA6810114B6D97 /* PBXContainerItemProxy */ = {
			isa = PBXContainerItemProxy;
			containerPortal = EA7D58A85879581D86061879 /* Project object */;
			proxyType = 1;
			remoteGlobalIDString = 7CBB71874FB9BB11BDF222D2;
			remoteInfo = ChalkWatch;
		};
		FBF11B352C095168244A9857 /* PBXContainerItemProxy */ = {
			isa = PBXContainerItemProxy;
			containerPortal = EA7D58A85879581D86061879 /* Project object */;
			proxyType = 1;
			remoteGlobalIDString = 166887360A5DA10F1795995D;
			remoteInfo = ChalkWidgetExtension;
		};
/* End PBXContainerItemProxy section */

/* Begin PBXCopyFilesBuildPhase section */
		5EE108A7644AA31E5C65F51A /* Embed Watch Content */ = {
			isa = PBXCopyFilesBuildPhase;
			buildActionMask = 2147483647;
			dstPath = "$(CONTENTS_FOLDER_PATH)/Watch";
			dstSubfolderSpec = 16;
			files = (
				022931DC27BCAFEFFDAA8324 /* ChalkWatch.app in Embed Watch Content */,
			);
			name = "Embed Watch Content";
			runOnlyForDeploymentPostprocessing = 0;
		};
		62518F443537A7662B61C4E9 /* Embed App Extensions */ = {
			isa = PBXCopyFilesBuildPhase;
			buildActionMask = 2147483647;
			dstPath = "";
			dstSubfolderSpec = 13;
			files = (
				58F3912B04F2D4C8E6228923 /* ChalkWidgetExtension.appex in Embed App Extensions */,
			);
			name = "Embed App Extensions";
			runOnlyForDeploymentPostprocessing = 0;
		};
/* End PBXCopyFilesBuildPhase section */

/* Begin PBXFileReference section */
		0786F0FFD288F9248DC27B7E /* WorkoutEntry.swift */ = {isa = PBXFileReference; lastKnownFileType = sourcecode.swift; path = WorkoutEntry.swift; sourceTree = "<group>"; };
		08EC4AB09416D122BD6B0271 /* WeeklyGoal.swift */ = {isa = PBXFileReference; lastKnownFileType = sourcecode.swift; path = WeeklyGoal.swift; sourceTree = "<group>"; };
		1A638B411D672AD02302874C /* WorkoutCategory.swift */ = {isa = PBXFileReference; lastKnownFileType = sourcecode.swift; path = WorkoutCategory.swift; sourceTree = "<group>"; };
		220D8F721FD74B8B2E1F800D /* Chalk.app */ = {isa = PBXFileReference; includeInIndex = 0; lastKnownFileType = wrapper.application; path = Chalk.app; sourceTree = BUILT_PRODUCTS_DIR; };
		25650C2677D84948E833BB97 /* AppState.swift */ = {isa = PBXFileReference; lastKnownFileType = sourcecode.swift; path = AppState.swift; sourceTree = "<group>"; };
		293B1345ABB0DB867CAF6836 /* ChalkWidgetExtension.appex */ = {isa = PBXFileReference; includeInIndex = 0; lastKnownFileType = "wrapper.app-extension"; path = ChalkWidgetExtension.appex; sourceTree = BUILT_PRODUCTS_DIR; };
		2A9B4826674EA70468935362 /* ChalkApp.swift */ = {isa = PBXFileReference; lastKnownFileType = sourcecode.swift; path = ChalkApp.swift; sourceTree = "<group>"; };
		3F7699C284F9D58C082638E2 /* HistoryView.swift */ = {isa = PBXFileReference; lastKnownFileType = sourcecode.swift; path = HistoryView.swift; sourceTree = "<group>"; };
		4B303376FFB68E0436611978 /* GoalCardView.swift */ = {isa = PBXFileReference; lastKnownFileType = sourcecode.swift; path = GoalCardView.swift; sourceTree = "<group>"; };
		4ED7B4A4B527C59DC38663E0 /* HealthKitManager.swift */ = {isa = PBXFileReference; lastKnownFileType = sourcecode.swift; path = HealthKitManager.swift; sourceTree = "<group>"; };
		6523D743F07E4B507027D7DB /* Info.plist */ = {isa = PBXFileReference; lastKnownFileType = text.plist; path = Info.plist; sourceTree = "<group>"; };
		85189A9997D171E3E7757A20 /* Info.plist */ = {isa = PBXFileReference; lastKnownFileType = text.plist; path = Info.plist; sourceTree = "<group>"; };
		871B0D601CAFFDC4967012FB /* Assets.xcassets */ = {isa = PBXFileReference; lastKnownFileType = folder.assetcatalog; path = Assets.xcassets; sourceTree = "<group>"; };
		890CFC29F19A7AA049E3A376 /* ChalkWidgetExtension.swift */ = {isa = PBXFileReference; lastKnownFileType = sourcecode.swift; path = ChalkWidgetExtension.swift; sourceTree = "<group>"; };
		8A2F0EE1093E98C8172DC4F3 /* StatsView.swift */ = {isa = PBXFileReference; lastKnownFileType = sourcecode.swift; path = StatsView.swift; sourceTree = "<group>"; };
		90F9C85CBBFFCF10A9B5763B /* ChalkWatch.entitlements */ = {isa = PBXFileReference; lastKnownFileType = text.plist.entitlements; path = ChalkWatch.entitlements; sourceTree = "<group>"; };
		98F12DA7CE371E02E20D1218 /* Chalk.entitlements */ = {isa = PBXFileReference; lastKnownFileType = text.plist.entitlements; path = Chalk.entitlements; sourceTree = "<group>"; };
		B647F8597ECDAEAE27026D36 /* DevelopmentTeam.xcconfig */ = {isa = PBXFileReference; lastKnownFileType = text.xcconfig; path = DevelopmentTeam.xcconfig; sourceTree = "<group>"; };
		BAE2DC932FE7D4FEAE51FEEE /* SharedConstants.swift */ = {isa = PBXFileReference; lastKnownFileType = sourcecode.swift; path = SharedConstants.swift; sourceTree = "<group>"; };
		C08DE07972FE885C4C9F560F /* ProfileView.swift */ = {isa = PBXFileReference; lastKnownFileType = sourcecode.swift; path = ProfileView.swift; sourceTree = "<group>"; };
		C74F5CE05460B30B34DAFCCE /* ChalkWatch.app */ = {isa = PBXFileReference; explicitFileType = wrapper.application; includeInIndex = 0; path = ChalkWatch.app; sourceTree = BUILT_PRODUCTS_DIR; };
		C8CFC5970008E3F85BAED603 /* Info.plist */ = {isa = PBXFileReference; lastKnownFileType = text.plist; path = Info.plist; sourceTree = "<group>"; };
		CA3C505982B1A1393A892426 /* ChalkWidgetExtension.entitlements */ = {isa = PBXFileReference; lastKnownFileType = text.plist.entitlements; path = ChalkWidgetExtension.entitlements; sourceTree = "<group>"; };
		CD8996BAC4BE1B0933799F2A /* RootView.swift */ = {isa = PBXFileReference; lastKnownFileType = sourcecode.swift; path = RootView.swift; sourceTree = "<group>"; };
		CFCA6A536DAA2D56D041F113 /* HomeView.swift */ = {isa = PBXFileReference; lastKnownFileType = sourcecode.swift; path = HomeView.swift; sourceTree = "<group>"; };
		F4653102AB269C5F14198ED2 /* Assets.xcassets */ = {isa = PBXFileReference; lastKnownFileType = folder.assetcatalog; path = Assets.xcassets; sourceTree = "<group>"; };
		FBCE763B5883ED2D4D40B386 /* ChalkWatchApp.swift */ = {isa = PBXFileReference; lastKnownFileType = sourcecode.swift; path = ChalkWatchApp.swift; sourceTree = "<group>"; };
/* End PBXFileReference section */

/* Begin PBXGroup section */
		12A67FA2B32A5358C9C26BBD = {
			isa = PBXGroup;
			children = (
				1EC4DC4C82D9DF710FE33CBB /* Chalk */,
				457F7429181C62F803068948 /* ChalkWatch */,
				CA9FF59F23214280DB658B24 /* ChalkWidgetExtension */,
				42919C05B0FF2E95627A3555 /* Config */,
				DA2305D25716715A5B93675D /* Products */,
			);
			sourceTree = "<group>";
		};
		1EC4DC4C82D9DF710FE33CBB /* Chalk */ = {
			isa = PBXGroup;
			children = (
				931808EBE4BA1C46AA6B77B7 /* App */,
				B45C4D4C4EEBBEE1859E423E /* Features */,
				A91FBCD6600499E1D0ED4DBF /* HealthKit */,
				DB0B8210E547CB58CF7F3C27 /* Models */,
				8BE6288F356FF9CD536E91E8 /* Shared */,
				F4653102AB269C5F14198ED2 /* Assets.xcassets */,
				98F12DA7CE371E02E20D1218 /* Chalk.entitlements */,
				6523D743F07E4B507027D7DB /* Info.plist */,
			);
			path = Chalk;
			sourceTree = "<group>";
		};
		24D6DD5EEEA912EF53A77E97 /* Home */ = {
			isa = PBXGroup;
			children = (
				4B303376FFB68E0436611978 /* GoalCardView.swift */,
				CFCA6A536DAA2D56D041F113 /* HomeView.swift */,
			);
			path = Home;
			sourceTree = "<group>";
		};
		42919C05B0FF2E95627A3555 /* Config */ = {
			isa = PBXGroup;
			children = (
				B647F8597ECDAEAE27026D36 /* DevelopmentTeam.xcconfig */,
			);
			path = Config;
			sourceTree = "<group>";
		};
		457F7429181C62F803068948 /* ChalkWatch */ = {
			isa = PBXGroup;
			children = (
				871B0D601CAFFDC4967012FB /* Assets.xcassets */,
				90F9C85CBBFFCF10A9B5763B /* ChalkWatch.entitlements */,
				FBCE763B5883ED2D4D40B386 /* ChalkWatchApp.swift */,
				85189A9997D171E3E7757A20 /* Info.plist */,
			);
			path = ChalkWatch;
			sourceTree = "<group>";
		};
		531CA4F80E8218C3CA8D441A /* Stats */ = {
			isa = PBXGroup;
			children = (
				8A2F0EE1093E98C8172DC4F3 /* StatsView.swift */,
			);
			path = Stats;
			sourceTree = "<group>";
		};
		76FCF8B9F0797928DE0296B7 /* History */ = {
			isa = PBXGroup;
			children = (
				3F7699C284F9D58C082638E2 /* HistoryView.swift */,
			);
			path = History;
			sourceTree = "<group>";
		};
		8BE6288F356FF9CD536E91E8 /* Shared */ = {
			isa = PBXGroup;
			children = (
				BAE2DC932FE7D4FEAE51FEEE /* SharedConstants.swift */,
			);
			path = Shared;
			sourceTree = "<group>";
		};
		931808EBE4BA1C46AA6B77B7 /* App */ = {
			isa = PBXGroup;
			children = (
				25650C2677D84948E833BB97 /* AppState.swift */,
				2A9B4826674EA70468935362 /* ChalkApp.swift */,
				CD8996BAC4BE1B0933799F2A /* RootView.swift */,
			);
			path = App;
			sourceTree = "<group>";
		};
		A91FBCD6600499E1D0ED4DBF /* HealthKit */ = {
			isa = PBXGroup;
			children = (
				4ED7B4A4B527C59DC38663E0 /* HealthKitManager.swift */,
			);
			path = HealthKit;
			sourceTree = "<group>";
		};
		B45C4D4C4EEBBEE1859E423E /* Features */ = {
			isa = PBXGroup;
			children = (
				76FCF8B9F0797928DE0296B7 /* History */,
				24D6DD5EEEA912EF53A77E97 /* Home */,
				FDCB44174F571AD9AE3EE42D /* Profile */,
				531CA4F80E8218C3CA8D441A /* Stats */,
			);
			path = Features;
			sourceTree = "<group>";
		};
		CA9FF59F23214280DB658B24 /* ChalkWidgetExtension */ = {
			isa = PBXGroup;
			children = (
				CA3C505982B1A1393A892426 /* ChalkWidgetExtension.entitlements */,
				890CFC29F19A7AA049E3A376 /* ChalkWidgetExtension.swift */,
				C8CFC5970008E3F85BAED603 /* Info.plist */,
			);
			name = ChalkWidgetExtension;
			path = Chalk/Widgets/ChalkWidgetExtension;
			sourceTree = "<group>";
		};
		DA2305D25716715A5B93675D /* Products */ = {
			isa = PBXGroup;
			children = (
				220D8F721FD74B8B2E1F800D /* Chalk.app */,
				C74F5CE05460B30B34DAFCCE /* ChalkWatch.app */,
				293B1345ABB0DB867CAF6836 /* ChalkWidgetExtension.appex */,
			);
			name = Products;
			sourceTree = "<group>";
		};
		DB0B8210E547CB58CF7F3C27 /* Models */ = {
			isa = PBXGroup;
			children = (
				08EC4AB09416D122BD6B0271 /* WeeklyGoal.swift */,
				1A638B411D672AD02302874C /* WorkoutCategory.swift */,
				0786F0FFD288F9248DC27B7E /* WorkoutEntry.swift */,
			);
			path = Models;
			sourceTree = "<group>";
		};
		FDCB44174F571AD9AE3EE42D /* Profile */ = {
			isa = PBXGroup;
			children = (
				C08DE07972FE885C4C9F560F /* ProfileView.swift */,
			);
			path = Profile;
			sourceTree = "<group>";
		};
/* End PBXGroup section */

/* Begin PBXNativeTarget section */
		166887360A5DA10F1795995D /* ChalkWidgetExtension */ = {
			isa = PBXNativeTarget;
			buildConfigurationList = 0F40EA9C6BECCDC3821BAEBD /* Build configuration list for PBXNativeTarget "ChalkWidgetExtension" */;
			buildPhases = (
				98544BE33B697F36019161B8 /* Sources */,
			);
			buildRules = (
			);
			dependencies = (
			);
			name = ChalkWidgetExtension;
			productName = ChalkWidgetExtension;
			productReference = 293B1345ABB0DB867CAF6836 /* ChalkWidgetExtension.appex */;
			productType = "com.apple.product-type.app-extension";
		};
		3328DA0AF66E48D908073020 /* Chalk */ = {
			isa = PBXNativeTarget;
			buildConfigurationList = 003F46169CE4B96A12C7AAED /* Build configuration list for PBXNativeTarget "Chalk" */;
			buildPhases = (
				E0E7192F7A8D93DE0BCE46CF /* Sources */,
				888924702A17F06A644D7203 /* Resources */,
				62518F443537A7662B61C4E9 /* Embed App Extensions */,
				5EE108A7644AA31E5C65F51A /* Embed Watch Content */,
			);
			buildRules = (
			);
			dependencies = (
				C2D819547418D403A6C2DE2C /* PBXTargetDependency */,
				D0D0BB22864AE66CEA5F33AE /* PBXTargetDependency */,
			);
			name = Chalk;
			productName = Chalk;
			productReference = 220D8F721FD74B8B2E1F800D /* Chalk.app */;
			productType = "com.apple.product-type.application";
		};
		7CBB71874FB9BB11BDF222D2 /* ChalkWatch */ = {
			isa = PBXNativeTarget;
			buildConfigurationList = 9E97235065326F6A39E33700 /* Build configuration list for PBXNativeTarget "ChalkWatch" */;
			buildPhases = (
				23E5330841C0A2687D5C0F2A /* Sources */,
				DCC355C91E37DA97EB3A9289 /* Resources */,
			);
			buildRules = (
			);
			dependencies = (
			);
			name = ChalkWatch;
			productName = ChalkWatch;
			productReference = C74F5CE05460B30B34DAFCCE /* ChalkWatch.app */;
			productType = "com.apple.product-type.application";
		};
/* End PBXNativeTarget section */

/* Begin PBXProject section */
		EA7D58A85879581D86061879 /* Project object */ = {
			isa = PBXProject;
			attributes = {
				LastUpgradeCheck = 1600;
				TargetAttributes = {
					166887360A5DA10F1795995D = {
						DevelopmentTeam = YOUR_TEAM_ID_HERE;
						ProvisioningStyle = Automatic;
					};
					3328DA0AF66E48D908073020 = {
						DevelopmentTeam = YOUR_TEAM_ID_HERE;
						ProvisioningStyle = Automatic;
					};
					7CBB71874FB9BB11BDF222D2 = {
						DevelopmentTeam = YOUR_TEAM_ID_HERE;
						ProvisioningStyle = Automatic;
					};
				};
			};
			buildConfigurationList = 20CB5D30A54EB97C4E4BFE42 /* Build configuration list for PBXProject "Chalk" */;
			compatibilityVersion = "Xcode 10.0";
			developmentRegion = en;
			hasScannedForEncodings = 0;
			knownRegions = (
				Base,
				en,
			);
			mainGroup = 12A67FA2B32A5358C9C26BBD;
			projectDirPath = "";
			projectRoot = "";
			targets = (
				3328DA0AF66E48D908073020 /* Chalk */,
				7CBB71874FB9BB11BDF222D2 /* ChalkWatch */,
				166887360A5DA10F1795995D /* ChalkWidgetExtension */,
			);
		};
/* End PBXProject section */

/* Begin PBXResourcesBuildPhase section */
		888924702A17F06A644D7203 /* Resources */ = {
			isa = PBXResourcesBuildPhase;
			buildActionMask = 2147483647;
			files = (
				39E8F6EA15A0388675697DDC /* Assets.xcassets in Resources */,
			);
			runOnlyForDeploymentPostprocessing = 0;
		};
		DCC355C91E37DA97EB3A9289 /* Resources */ = {
			isa = PBXResourcesBuildPhase;
			buildActionMask = 2147483647;
			files = (
				815574C0DC5556766D3BBB6E /* Assets.xcassets in Resources */,
			);
			runOnlyForDeploymentPostprocessing = 0;
		};
/* End PBXResourcesBuildPhase section */

/* Begin PBXSourcesBuildPhase section */
		23E5330841C0A2687D5C0F2A /* Sources */ = {
			isa = PBXSourcesBuildPhase;
			buildActionMask = 2147483647;
			files = (
				272CC2B8398F95466EB6A27D /* ChalkWatchApp.swift in Sources */,
			);
			runOnlyForDeploymentPostprocessing = 0;
		};
		98544BE33B697F36019161B8 /* Sources */ = {
			isa = PBXSourcesBuildPhase;
			buildActionMask = 2147483647;
			files = (
				264EB195993937894AE49E50 /* ChalkWidgetExtension.swift in Sources */,
				EAD788E2DD1AF9687D049C91 /* SharedConstants.swift in Sources */,
			);
			runOnlyForDeploymentPostprocessing = 0;
		};
		E0E7192F7A8D93DE0BCE46CF /* Sources */ = {
			isa = PBXSourcesBuildPhase;
			buildActionMask = 2147483647;
			files = (
				0ECAD737BD11820127F1EF47 /* AppState.swift in Sources */,
				6B5DCC02344F72085492315F /* ChalkApp.swift in Sources */,
				D734CB39598AC5A1DE4E1770 /* GoalCardView.swift in Sources */,
				DB2FF06516BF92CDDA2A4C57 /* HealthKitManager.swift in Sources */,
				03AC0030E12E62866251762B /* HistoryView.swift in Sources */,
				493A85FC55643523AFA99A28 /* HomeView.swift in Sources */,
				25CB557B1A68044FE201EC31 /* ProfileView.swift in Sources */,
				9EC7453CD7C81F5D6D5E0A79 /* RootView.swift in Sources */,
				3816EF9A4B573E3CCFC19E2C /* SharedConstants.swift in Sources */,
				88F48B97C79B69625A5CC2BA /* StatsView.swift in Sources */,
				AF9746C18CBB9F6E03ECCD98 /* WeeklyGoal.swift in Sources */,
				3278B5BB384191F27BC87BEE /* WorkoutCategory.swift in Sources */,
				FBFE5B944653D39086CDC267 /* WorkoutEntry.swift in Sources */,
			);
			runOnlyForDeploymentPostprocessing = 0;
		};
/* End PBXSourcesBuildPhase section */

/* Begin PBXTargetDependency section */
		C2D819547418D403A6C2DE2C /* PBXTargetDependency */ = {
			isa = PBXTargetDependency;
			target = 166887360A5DA10F1795995D /* ChalkWidgetExtension */;
			targetProxy = FBF11B352C095168244A9857 /* PBXContainerItemProxy */;
		};
		D0D0BB22864AE66CEA5F33AE /* PBXTargetDependency */ = {
			isa = PBXTargetDependency;
			target = 7CBB71874FB9BB11BDF222D2 /* ChalkWatch */;
			targetProxy = 4722106CD2DA6810114B6D97 /* PBXContainerItemProxy */;
		};
/* End PBXTargetDependency section */

/* Begin XCBuildConfiguration section */
		10D766DEB4FED9F62F56E7F0 /* Release */ = {
			isa = XCBuildConfiguration;
			buildSettings = {
				APPLICATION_EXTENSION_API_ONLY = YES;
				CODE_SIGN_ENTITLEMENTS = Chalk/Widgets/ChalkWidgetExtension/ChalkWidgetExtension.entitlements;
				INFOPLIST_FILE = Chalk/Widgets/ChalkWidgetExtension/Info.plist;
				IPHONEOS_DEPLOYMENT_TARGET = 17.0;
				LD_RUNPATH_SEARCH_PATHS = (
					"$(inherited)",
					"@executable_path/Frameworks",
					"@executable_path/../../Frameworks",
				);
				PRODUCT_BUNDLE_IDENTIFIER = com.placeholder.Chalk.widget;
				SDKROOT = iphoneos;
				TARGETED_DEVICE_FAMILY = "1,2";
			};
			name = Release;
		};
		1CC6289267C66500675B0779 /* Debug */ = {
			isa = XCBuildConfiguration;
			buildSettings = {
				APPLICATION_EXTENSION_API_ONLY = YES;
				CODE_SIGN_ENTITLEMENTS = Chalk/Widgets/ChalkWidgetExtension/ChalkWidgetExtension.entitlements;
				INFOPLIST_FILE = Chalk/Widgets/ChalkWidgetExtension/Info.plist;
				IPHONEOS_DEPLOYMENT_TARGET = 17.0;
				LD_RUNPATH_SEARCH_PATHS = (
					"$(inherited)",
					"@executable_path/Frameworks",
					"@executable_path/../../Frameworks",
				);
				PRODUCT_BUNDLE_IDENTIFIER = com.placeholder.Chalk.widget;
				SDKROOT = iphoneos;
				TARGETED_DEVICE_FAMILY = "1,2";
			};
			name = Debug;
		};
		35AE4E54C6CC2380CBB25D1C /* Release */ = {
			isa = XCBuildConfiguration;
			buildSettings = {
				ASSETCATALOG_COMPILER_APPICON_NAME = AppIcon;
				ASSETCATALOG_COMPILER_GLOBAL_ACCENT_COLOR_NAME = AccentColor;
				CODE_SIGN_ENTITLEMENTS = Chalk/Chalk.entitlements;
				CODE_SIGN_IDENTITY = "iPhone Developer";
				INFOPLIST_FILE = Chalk/Info.plist;
				IPHONEOS_DEPLOYMENT_TARGET = 17.0;
				LD_RUNPATH_SEARCH_PATHS = (
					"$(inherited)",
					"@executable_path/Frameworks",
				);
				PRODUCT_BUNDLE_IDENTIFIER = com.placeholder.Chalk;
				SDKROOT = iphoneos;
				TARGETED_DEVICE_FAMILY = 1;
			};
			name = Release;
		};
		909DC4A5E76503BE9584FE3F /* Debug */ = {
			isa = XCBuildConfiguration;
			baseConfigurationReference = B647F8597ECDAEAE27026D36 /* DevelopmentTeam.xcconfig */;
			buildSettings = {
				ALWAYS_SEARCH_USER_PATHS = NO;
				CLANG_ANALYZER_NONNULL = YES;
				CLANG_ANALYZER_NUMBER_OBJECT_CONVERSION = YES_AGGRESSIVE;
				CLANG_CXX_LANGUAGE_STANDARD = "gnu++14";
				CLANG_CXX_LIBRARY = "libc++";
				CLANG_ENABLE_MODULES = YES;
				CLANG_ENABLE_OBJC_ARC = YES;
				CLANG_ENABLE_OBJC_WEAK = YES;
				CLANG_WARN_BLOCK_CAPTURE_AUTORELEASING = YES;
				CLANG_WARN_BOOL_CONVERSION = YES;
				CLANG_WARN_COMMA = YES;
				CLANG_WARN_CONSTANT_CONVERSION = YES;
				CLANG_WARN_DEPRECATED_OBJC_IMPLEMENTATIONS = YES;
				CLANG_WARN_DIRECT_OBJC_ISA_USAGE = YES_ERROR;
				CLANG_WARN_DOCUMENTATION_COMMENTS = YES;
				CLANG_WARN_EMPTY_BODY = YES;
				CLANG_WARN_ENUM_CONVERSION = YES;
				CLANG_WARN_INFINITE_RECURSION = YES;
				CLANG_WARN_INT_CONVERSION = YES;
				CLANG_WARN_NON_LITERAL_NULL_CONVERSION = YES;
				CLANG_WARN_OBJC_IMPLICIT_RETAIN_SELF = YES;
				CLANG_WARN_OBJC_LITERAL_CONVERSION = YES;
				CLANG_WARN_OBJC_ROOT_CLASS = YES_ERROR;
				CLANG_WARN_QUOTED_INCLUDE_IN_FRAMEWORK_HEADER = YES;
				CLANG_WARN_RANGE_LOOP_ANALYSIS = YES;
				CLANG_WARN_STRICT_PROTOTYPES = YES;
				CLANG_WARN_SUSPICIOUS_MOVE = YES;
				CLANG_WARN_UNGUARDED_AVAILABILITY = YES_AGGRESSIVE;
				CLANG_WARN_UNREACHABLE_CODE = YES;
				CLANG_WARN__DUPLICATE_METHOD_MATCH = YES;
				CODE_SIGN_STYLE = Automatic;
				COPY_PHASE_STRIP = NO;
				DEBUG_INFORMATION_FORMAT = dwarf;
				ENABLE_STRICT_OBJC_MSGSEND = YES;
				ENABLE_TESTABILITY = YES;
				GCC_C_LANGUAGE_STANDARD = gnu11;
				GCC_DYNAMIC_NO_PIC = NO;
				GCC_NO_COMMON_BLOCKS = YES;
				GCC_OPTIMIZATION_LEVEL = 0;
				GCC_PREPROCESSOR_DEFINITIONS = (
					"$(inherited)",
					"DEBUG=1",
				);
				GCC_WARN_64_TO_32_BIT_CONVERSION = YES;
				GCC_WARN_ABOUT_RETURN_TYPE = YES_ERROR;
				GCC_WARN_UNDECLARED_SELECTOR = YES;
				GCC_WARN_UNINITIALIZED_AUTOS = YES_AGGRESSIVE;
				GCC_WARN_UNUSED_FUNCTION = YES;
				GCC_WARN_UNUSED_VARIABLE = YES;
				IPHONEOS_DEPLOYMENT_TARGET = 17.0;
				MTL_ENABLE_DEBUG_INFO = INCLUDE_SOURCE;
				MTL_FAST_MATH = YES;
				ONLY_ACTIVE_ARCH = YES;
				PRODUCT_NAME = "$(TARGET_NAME)";
				SWIFT_ACTIVE_COMPILATION_CONDITIONS = DEBUG;
				SWIFT_OPTIMIZATION_LEVEL = "-Onone";
				SWIFT_VERSION = 5.0;
				WATCHOS_DEPLOYMENT_TARGET = 10.0;
			};
			name = Debug;
		};
		9EB64D5B662A6B96F959FC51 /* Debug */ = {
			isa = XCBuildConfiguration;
			buildSettings = {
				ASSETCATALOG_COMPILER_APPICON_NAME = AppIcon;
				CODE_SIGN_ENTITLEMENTS = ChalkWatch/ChalkWatch.entitlements;
				INFOPLIST_FILE = ChalkWatch/Info.plist;
				PRODUCT_BUNDLE_IDENTIFIER = com.placeholder.Chalk.watchkitapp;
				SDKROOT = watchos;
				SKIP_INSTALL = YES;
				TARGETED_DEVICE_FAMILY = 4;
				WATCHOS_DEPLOYMENT_TARGET = 10.0;
			};
			name = Debug;
		};
		A616AC4A3AFCA1B7959EA5B6 /* Debug */ = {
			isa = XCBuildConfiguration;
			buildSettings = {
				ASSETCATALOG_COMPILER_APPICON_NAME = AppIcon;
				ASSETCATALOG_COMPILER_GLOBAL_ACCENT_COLOR_NAME = AccentColor;
				CODE_SIGN_ENTITLEMENTS = Chalk/Chalk.entitlements;
				CODE_SIGN_IDENTITY = "iPhone Developer";
				INFOPLIST_FILE = Chalk/Info.plist;
				IPHONEOS_DEPLOYMENT_TARGET = 17.0;
				LD_RUNPATH_SEARCH_PATHS = (
					"$(inherited)",
					"@executable_path/Frameworks",
				);
				PRODUCT_BUNDLE_IDENTIFIER = com.placeholder.Chalk;
				SDKROOT = iphoneos;
				TARGETED_DEVICE_FAMILY = 1;
			};
			name = Debug;
		};
		CFBDF6E25E07CB51D9C676D8 /* Release */ = {
			isa = XCBuildConfiguration;
			buildSettings = {
				ASSETCATALOG_COMPILER_APPICON_NAME = AppIcon;
				CODE_SIGN_ENTITLEMENTS = ChalkWatch/ChalkWatch.entitlements;
				INFOPLIST_FILE = ChalkWatch/Info.plist;
				PRODUCT_BUNDLE_IDENTIFIER = com.placeholder.Chalk.watchkitapp;
				SDKROOT = watchos;
				SKIP_INSTALL = YES;
				TARGETED_DEVICE_FAMILY = 4;
				WATCHOS_DEPLOYMENT_TARGET = 10.0;
			};
			name = Release;
		};
		DB1C1E6C2DAF8BC837963885 /* Release */ = {
			isa = XCBuildConfiguration;
			baseConfigurationReference = B647F8597ECDAEAE27026D36 /* DevelopmentTeam.xcconfig */;
			buildSettings = {
				ALWAYS_SEARCH_USER_PATHS = NO;
				CLANG_ANALYZER_NONNULL = YES;
				CLANG_ANALYZER_NUMBER_OBJECT_CONVERSION = YES_AGGRESSIVE;
				CLANG_CXX_LANGUAGE_STANDARD = "gnu++14";
				CLANG_CXX_LIBRARY = "libc++";
				CLANG_ENABLE_MODULES = YES;
				CLANG_ENABLE_OBJC_ARC = YES;
				CLANG_ENABLE_OBJC_WEAK = YES;
				CLANG_WARN_BLOCK_CAPTURE_AUTORELEASING = YES;
				CLANG_WARN_BOOL_CONVERSION = YES;
				CLANG_WARN_COMMA = YES;
				CLANG_WARN_CONSTANT_CONVERSION = YES;
				CLANG_WARN_DEPRECATED_OBJC_IMPLEMENTATIONS = YES;
				CLANG_WARN_DIRECT_OBJC_ISA_USAGE = YES_ERROR;
				CLANG_WARN_DOCUMENTATION_COMMENTS = YES;
				CLANG_WARN_EMPTY_BODY = YES;
				CLANG_WARN_ENUM_CONVERSION = YES;
				CLANG_WARN_INFINITE_RECURSION = YES;
				CLANG_WARN_INT_CONVERSION = YES;
				CLANG_WARN_NON_LITERAL_NULL_CONVERSION = YES;
				CLANG_WARN_OBJC_IMPLICIT_RETAIN_SELF = YES;
				CLANG_WARN_OBJC_LITERAL_CONVERSION = YES;
				CLANG_WARN_OBJC_ROOT_CLASS = YES_ERROR;
				CLANG_WARN_QUOTED_INCLUDE_IN_FRAMEWORK_HEADER = YES;
				CLANG_WARN_RANGE_LOOP_ANALYSIS = YES;
				CLANG_WARN_STRICT_PROTOTYPES = YES;
				CLANG_WARN_SUSPICIOUS_MOVE = YES;
				CLANG_WARN_UNGUARDED_AVAILABILITY = YES_AGGRESSIVE;
				CLANG_WARN_UNREACHABLE_CODE = YES;
				CLANG_WARN__DUPLICATE_METHOD_MATCH = YES;
				CODE_SIGN_STYLE = Automatic;
				COPY_PHASE_STRIP = NO;
				DEBUG_INFORMATION_FORMAT = "dwarf-with-dsym";
				ENABLE_NS_ASSERTIONS = NO;
				ENABLE_STRICT_OBJC_MSGSEND = YES;
				GCC_C_LANGUAGE_STANDARD = gnu11;
				GCC_NO_COMMON_BLOCKS = YES;
				GCC_WARN_64_TO_32_BIT_CONVERSION = YES;
				GCC_WARN_ABOUT_RETURN_TYPE = YES_ERROR;
				GCC_WARN_UNDECLARED_SELECTOR = YES;
				GCC_WARN_UNINITIALIZED_AUTOS = YES_AGGRESSIVE;
				GCC_WARN_UNUSED_FUNCTION = YES;
				GCC_WARN_UNUSED_VARIABLE = YES;
				IPHONEOS_DEPLOYMENT_TARGET = 17.0;
				MTL_ENABLE_DEBUG_INFO = NO;
				MTL_FAST_MATH = YES;
				PRODUCT_NAME = "$(TARGET_NAME)";
				SWIFT_COMPILATION_MODE = wholemodule;
				SWIFT_OPTIMIZATION_LEVEL = "-O";
				SWIFT_VERSION = 5.0;
				WATCHOS_DEPLOYMENT_TARGET = 10.0;
			};
			name = Release;
		};
/* End XCBuildConfiguration section */

/* Begin XCConfigurationList section */
		003F46169CE4B96A12C7AAED /* Build configuration list for PBXNativeTarget "Chalk" */ = {
			isa = XCConfigurationList;
			buildConfigurations = (
				A616AC4A3AFCA1B7959EA5B6 /* Debug */,
				35AE4E54C6CC2380CBB25D1C /* Release */,
			);
			defaultConfigurationIsVisible = 0;
			defaultConfigurationName = Debug;
		};
		0F40EA9C6BECCDC3821BAEBD /* Build configuration list for PBXNativeTarget "ChalkWidgetExtension" */ = {
			isa = XCConfigurationList;
			buildConfigurations = (
				1CC6289267C66500675B0779 /* Debug */,
				10D766DEB4FED9F62F56E7F0 /* Release */,
			);
			defaultConfigurationIsVisible = 0;
			defaultConfigurationName = Debug;
		};
		20CB5D30A54EB97C4E4BFE42 /* Build configuration list for PBXProject "Chalk" */ = {
			isa = XCConfigurationList;
			buildConfigurations = (
				909DC4A5E76503BE9584FE3F /* Debug */,
				DB1C1E6C2DAF8BC837963885 /* Release */,
			);
			defaultConfigurationIsVisible = 0;
			defaultConfigurationName = Debug;
		};
		9E97235065326F6A39E33700 /* Build configuration list for PBXNativeTarget "ChalkWatch" */ = {
			isa = XCConfigurationList;
			buildConfigurations = (
				9EB64D5B662A6B96F959FC51 /* Debug */,
				CFBDF6E25E07CB51D9C676D8 /* Release */,
			);
			defaultConfigurationIsVisible = 0;
			defaultConfigurationName = Debug;
		};
/* End XCConfigurationList section */
	};
	rootObject = EA7D58A85879581D86061879 /* Project object */;
}
